# This file was autogenerated by Stack.
# You should not edit this file by hand.
# For more information, please see the documentation at:
#   https://docs.haskellstack.org/en/stable/lock_files

packages:
- completed:
    hackage: heterocephalus-1.0.5.3@sha256:26bf4a919c48e7cbf4b9676bf56d6a2ef5c45ff1f3cdb821bc11d8709e0f9360,2956
    pantry-tree:
      size: 868
      sha256: 6e5460dc44368253218b4ee4af3449d3cdf07a14719650042e378c89d0f72cc4
  original:
    hackage: heterocephalus-1.0.5.3
- completed:
    hackage: optparse-applicative-0.14.3.0@sha256:37d7ff26d8cddf7f2b58e9ed60c1550f3d94b32bc449e3c038be074f256e08a8,4376
    pantry-tree:
      size: 2643
      sha256: c23d41e112198ffb15c57101c90feb3e7dbf2771e48610e3c30fb367f92eaaeb
  original:
    hackage: optparse-applicative-0.14.3.0
- completed:
    hackage: blaze-markup-0.8.2.2@sha256:fda3582c37167b7b26a3e973f8501e0889041de01416add83c592cf03bbb7a47,2231
    pantry-tree:
      size: 818
      sha256: 0f96a145a8a92c67d3bd2bd8a3614948c057efe20d0044f7ff79c8ab34dee983
  original:
    hackage: blaze-markup-0.8.2.2
- completed:
    hackage: bytestring-0.10.8.2@sha256:0a58355cb91bc9930f951a6d14f5fb4a6022647c3aab2b7223e888843bb6a832,8921
    pantry-tree:
      size: 2788
      sha256: 5ebb0fddb2f9cdf4a295bbb610279ba7651547355d882942ad08c62efb00183c
  original:
    hackage: bytestring-0.10.8.2
- completed:
    hackage: utf8-string-1.0.1.1@sha256:68cc6cf665e7212334a51b63d6936daeaca023b2cfe8637d130acfe95f91700b,1151
    pantry-tree:
      size: 546
      sha256: 94c160d3cba160be807fc2957f539453660cf64bd6cb29879aba82424d03527e
  original:
    hackage: utf8-string-1.0.1.1
- completed:
    hackage: directory-1.3.4.0@sha256:500019f04494324d1df16cf83eefeb3f809b2b20b32a32ccd755ee0439c18bfd,2829
    pantry-tree:
      size: 3365
      sha256: 00c09e0c014d29ebfb921b64c1459e61a0ad6f10e70128d795246a47c06394b0
  original:
    hackage: directory-1.3.4.0
- completed:
    hackage: filepath-1.4.2.1@sha256:2dbe4b5aefb13242e413dd90faa15dc19faf7b451a8d668f73712b2ea52cdb12,2219
    pantry-tree:
      size: 681
      sha256: 6bddb06d840296fcd45583a16812925cb4366833a8344537273c4b82723a0456
  original:
    hackage: filepath-1.4.2.1
- completed:
    hackage: process-1.6.5.1@sha256:77a9afeb676357f67fe5cf1ad79aca0745fb6f7fb96b786d510af08f622643f6,2468
    pantry-tree:
      size: 1211
      sha256: 19d944da6aa37944332e0726372288319852e5f72aa57dbc3516dc15e760a502
  original:
    hackage: process-1.6.5.1
- completed:
    hackage: regex-tdfa-1.2.3.2@sha256:f0447c34dc42fcbee1461cdf1e8c5be3d8ac6ba9964247606008f434d77ac9a8,3777
    pantry-tree:
      size: 1745
      sha256: 9d4ec9e7c10bd10960436883f3af02f2fd02a64293dac9d10d323fbfdcd28c2f
  original:
    hackage: regex-tdfa-1.2.3.2
- completed:
    hackage: text-1.2.3.1@sha256:ceb05f2a77b82bffe58c9ce8d8ad447191e4509bd28c14bf3da610bd6b82a62b,8560
    pantry-tree:
      size: 7456
      sha256: c9b38b60593401bb378b694a42b085d46f74f97d86d39edeb01a616965f2b581
  original:
    hackage: text-1.2.3.1
- completed:
    hackage: array-0.5.3.0@sha256:23842bd341f0bbea9960c09a470cfb129c6d8a6cf617c879f05ba63e7f9a9341,1667
    pantry-tree:
      size: 1135
      sha256: c56ee8663ffb9cc64b8a4438b597eabc8463735aec7b04601366e35563652c64
  original:
    hackage: array-0.5.3.0
snapshots:
- completed:
    size: 498180
    url: https://raw.githubusercontent.com/commercialhaskell/stackage-snapshots/master/lts/13/21.yaml
    sha256: eff2de19a6d4691ccbf6edc1fba858f1918683047dce0f09adede874bbd2a8f3
  original: lts-13.21
