# This file was autogenerated by Stack.
# You should not edit this file by hand.
# For more information, please see the documentation at:
#   https://docs.haskellstack.org/en/stable/lock_files

packages:
- completed:
    hackage: BNFC-2.8.2@sha256:dae284c327ed39c28722479081c0bd4a686e0d2bd1dff790b350b8a1742f4036,10698
    pantry-tree:
      size: 9905
      sha256: 92f148f8022567fd35fa6250a55adda960d1dfd48d83564ba4e54f7d0ca97df3
  original:
    hackage: BNFC-2.8.2
- completed:
    hackage: array-0.5.3.0@sha256:23842bd341f0bbea9960c09a470cfb129c6d8a6cf617c879f05ba63e7f9a9341,1667
    pantry-tree:
      size: 1135
      sha256: c56ee8663ffb9cc64b8a4438b597eabc8463735aec7b04601366e35563652c64
  original:
    hackage: array-0.5.3.0
- completed:
    hackage: mtl-2.2.2@sha256:1050fb71acd9f5d67da7d992583f5bd0eb14407b9dc7acc122af1b738b706ca3,2261
    pantry-tree:
      size: 1713
      sha256: b8bdc2259e2f943a7252fb164805666fe108ac959d398e0af27b43ba2ebc241c
  original:
    hackage: mtl-2.2.2
- completed:
    hackage: containers-0.6.0.1@sha256:50024f330653c702a339f7743522b3c2a4fff9c6bf5a7071affe270da2ee649a,15843
    pantry-tree:
      size: 4933
      sha256: 9a33a9d98310bf01b0ee2dd041dfdaaabfcbc07547a4c60443678a22cb114299
  original:
    hackage: containers-0.6.0.1
- completed:
    hackage: optparse-applicative-0.14.3.0@sha256:37d7ff26d8cddf7f2b58e9ed60c1550f3d94b32bc449e3c038be074f256e08a8,4376
    pantry-tree:
      size: 2643
      sha256: c23d41e112198ffb15c57101c90feb3e7dbf2771e48610e3c30fb367f92eaaeb
  original:
    hackage: optparse-applicative-0.14.3.0
- completed:
    hackage: raw-strings-qq-1.1@sha256:3ea0f14f036649e3576749aef0db4dd0b1102c5331f2e0e2551250e2030ce669,1467
    pantry-tree:
      size: 379
      sha256: 473e62ea5320c8734f66049e48b308dd0ab197c6d3071c8ca1a828b05b7536ae
  original:
    hackage: raw-strings-qq-1.1
- completed:
    hackage: para-1.1@sha256:a90eebb063ad70271e6e2a7f00a93e8e8f8b77273f100f39852fbf8301926f81,744
    pantry-tree:
      size: 208
      sha256: 41c48d305b6b07c1ffca27f2c4cd241763310a8ca33f4bc2ae19a7fc20321977
  original:
    hackage: para-1.1
- completed:
    hackage: text-1.2.3.1@sha256:ceb05f2a77b82bffe58c9ce8d8ad447191e4509bd28c14bf3da610bd6b82a62b,8560
    pantry-tree:
      size: 7456
      sha256: c9b38b60593401bb378b694a42b085d46f74f97d86d39edeb01a616965f2b581
  original:
    hackage: text-1.2.3.1
- completed:
    hackage: split-0.2.3.3@sha256:f1c7b12865e38d1e241ceef74c85eb81d82301022fea1a5012d8d9803af5e26f,2614
    pantry-tree:
      size: 439
      sha256: 848511e5b76e7c7d0f4f9afa1bae2a956a9c97d74029698afc4fb93b235df145
  original:
    hackage: split-0.2.3.3
- completed:
    hackage: butcher-1.3.2.3@sha256:a3628cf0a41f2fec4e5cd128dd900f4608119f203385373cf0bf65c60291c396,3113
    pantry-tree:
      size: 1197
      sha256: 5e230dd54452e9bd3bca7900092e3522c94781490a31ce935d4c8bb7586f5a9c
  original:
    hackage: butcher-1.3.2.3
- completed:
    hackage: multistate-0.8.0.2@sha256:fbb0d8ade9ef73c8ed92488f5804d0ebe75d3a9c24bf53452bc3a4f32b34cb2e,3713
    pantry-tree:
      size: 2143
      sha256: 1753828d37b456e1e0241766d893b29f385ef7769fa79610f507b747935b77cb
  original:
    hackage: multistate-0.8.0.2
- completed:
    hackage: brittany-0.12.0.0@sha256:10185245dce19ea17d1751c498a9954d2de2e38b7bd9e50eb4298aa68fef7ab2,8802
    pantry-tree:
      size: 4588
      sha256: 5fd46ce01efb64c5540828f50e644696c36d18b51011e1bd3aa349de6fce1b0a
  original:
    hackage: brittany-0.12.0.0
- completed:
    hackage: deque-0.4.2.3@sha256:7cc8ddfc77df351ff9c16e838ccdb4a89f055c80a3111e27eba8d90e8edde7d0,1853
    pantry-tree:
      size: 807
      sha256: 7f584c71e9e912935f829cb4667411ae3c3048fcd8b935170fb5a45188019403
  original:
    hackage: deque-0.4.2.3
- completed:
    hackage: strict-list-0.1.4@sha256:0fa869e2c21b710b7133e8628169f120fe6299342628edd3d5087ded299bc941,1631
    pantry-tree:
      size: 340
      sha256: bbb22fd014867dc48697ddd8598d4a9fb03fa2d58ef79bed94f208a9b6d94224
  original:
    hackage: strict-list-0.1.4
- completed:
    hackage: tintin-1.10.0@sha256:4ed09092d0218825c064384f992d8b83b59ebd26fea42aecbcc369b5b6ed38c5,3087
    pantry-tree:
      size: 1552
      sha256: b3810078d22856eb1764f37ffe42cef4a76e648b9a26c04a337173d40a0cce37
  original:
    hackage: tintin-1.10.0
- completed:
    hackage: require-0.4.2@sha256:f28dc58dd927e98a709dd926ace92704c09db34dd33a278e1d5aa22cac133984,3625
    pantry-tree:
      size: 718
      sha256: 1fe2c5947db887175c819c3a0a55d9dcbb5823d28d0a5f588ea1db2d370bd1e1
  original:
    hackage: require-0.4.2
- completed:
    hackage: QuickCheck-2.12.6.1@sha256:ce974f511174fbc3102bccb13d6d45781d327194f0311790b9f8db6a7cb1bab3,6336
    pantry-tree:
      size: 2046
      sha256: 1b9bf780a91762f07a63698d656234de0b68f5c8de760cc90153c01888730eb5
  original:
    hackage: QuickCheck-2.12.6.1
- completed:
    hackage: regex-tdfa-1.2.3.2@sha256:f0447c34dc42fcbee1461cdf1e8c5be3d8ac6ba9964247606008f434d77ac9a8,3777
    pantry-tree:
      size: 1745
      sha256: 9d4ec9e7c10bd10960436883f3af02f2fd02a64293dac9d10d323fbfdcd28c2f
  original:
    hackage: regex-tdfa-1.2.3.2
snapshots:
- completed:
    size: 498180
    url: https://raw.githubusercontent.com/commercialhaskell/stackage-snapshots/master/lts/13/21.yaml
    sha256: eff2de19a6d4691ccbf6edc1fba858f1918683047dce0f09adede874bbd2a8f3
  original: lts-13.21
