# This file was autogenerated by Stack.
# You should not edit this file by hand.
# For more information, please see the documentation at:
#   https://docs.haskellstack.org/en/stable/lock_files

packages:
- completed:
    hackage: BNFC-2.8.2@sha256:dae284c327ed39c28722479081c0bd4a686e0d2bd1dff790b350b8a1742f4036,10698
    pantry-tree:
      size: 9905
      sha256: 92f148f8022567fd35fa6250a55adda960d1dfd48d83564ba4e54f7d0ca97df3
  original:
    hackage: BNFC-2.8.2
- completed:
    hackage: array-0.5.3.0@sha256:23842bd341f0bbea9960c09a470cfb129c6d8a6cf617c879f05ba63e7f9a9341,1667
    pantry-tree:
      size: 1135
      sha256: c56ee8663ffb9cc64b8a4438b597eabc8463735aec7b04601366e35563652c64
  original:
    hackage: array-0.5.3.0
- completed:
    hackage: mtl-2.2.2@sha256:1050fb71acd9f5d67da7d992583f5bd0eb14407b9dc7acc122af1b738b706ca3,2261
    pantry-tree:
      size: 1713
      sha256: b8bdc2259e2f943a7252fb164805666fe108ac959d398e0af27b43ba2ebc241c
  original:
    hackage: mtl-2.2.2
- completed:
    hackage: containers-0.6.0.1@sha256:50024f330653c702a339f7743522b3c2a4fff9c6bf5a7071affe270da2ee649a,15843
    pantry-tree:
      size: 4933
      sha256: 9a33a9d98310bf01b0ee2dd041dfdaaabfcbc07547a4c60443678a22cb114299
  original:
    hackage: containers-0.6.0.1
- completed:
    hackage: optparse-applicative-0.14.3.0@sha256:37d7ff26d8cddf7f2b58e9ed60c1550f3d94b32bc449e3c038be074f256e08a8,4376
    pantry-tree:
      size: 2643
      sha256: c23d41e112198ffb15c57101c90feb3e7dbf2771e48610e3c30fb367f92eaaeb
  original:
    hackage: optparse-applicative-0.14.3.0
- completed:
    hackage: raw-strings-qq-1.1@sha256:3ea0f14f036649e3576749aef0db4dd0b1102c5331f2e0e2551250e2030ce669,1467
    pantry-tree:
      size: 379
      sha256: 473e62ea5320c8734f66049e48b308dd0ab197c6d3071c8ca1a828b05b7536ae
  original:
    hackage: raw-strings-qq-1.1
- completed:
    hackage: para-1.1@sha256:a90eebb063ad70271e6e2a7f00a93e8e8f8b77273f100f39852fbf8301926f81,744
    pantry-tree:
      size: 208
      sha256: 41c48d305b6b07c1ffca27f2c4cd241763310a8ca33f4bc2ae19a7fc20321977
  original:
    hackage: para-1.1
- completed:
    hackage: text-1.2.3.1@sha256:ceb05f2a77b82bffe58c9ce8d8ad447191e4509bd28c14bf3da610bd6b82a62b,8560
    pantry-tree:
      size: 7456
      sha256: c9b38b60593401bb378b694a42b085d46f74f97d86d39edeb01a616965f2b581
  original:
    hackage: text-1.2.3.1
- completed:
    hackage: split-0.2.3.3@sha256:64c8e45b8f74dc16b6329d99d9d9b1c47d6abae146d7d7e3ec3317dcb5660bb1,2615
    pantry-tree:
      size: 439
      sha256: ff3e20c0927928739a86e15f9b2c160353a4c4d57ca336b9630e31e7e617e2a8
  original:
    hackage: split-0.2.3.3
- completed:
    hackage: butcher-1.3.2.3@sha256:1b8040eddb6da2a05426bf9f6c56b078e629228d64d7d61fb3daa88802487e1b,3262
    pantry-tree:
      size: 1197
      sha256: 6bf3a318bd8689bd1fa7a8084c0d96372768d2dc3e30d9aa58d07741ed6816e6
  original:
    hackage: butcher-1.3.2.3
- completed:
    hackage: multistate-0.8.0.2@sha256:fbb0d8ade9ef73c8ed92488f5804d0ebe75d3a9c24bf53452bc3a4f32b34cb2e,3713
    pantry-tree:
      size: 2143
      sha256: 1753828d37b456e1e0241766d893b29f385ef7769fa79610f507b747935b77cb
  original:
    hackage: multistate-0.8.0.2
- completed:
    hackage: brittany-0.12.0.0@sha256:10185245dce19ea17d1751c498a9954d2de2e38b7bd9e50eb4298aa68fef7ab2,8802
    pantry-tree:
      size: 4588
      sha256: 5fd46ce01efb64c5540828f50e644696c36d18b51011e1bd3aa349de6fce1b0a
  original:
    hackage: brittany-0.12.0.0
- completed:
    hackage: deque-0.4.2.3@sha256:7cc8ddfc77df351ff9c16e838ccdb4a89f055c80a3111e27eba8d90e8edde7d0,1853
    pantry-tree:
      size: 807
      sha256: 7f584c71e9e912935f829cb4667411ae3c3048fcd8b935170fb5a45188019403
  original:
    hackage: deque-0.4.2.3
- completed:
    hackage: strict-list-0.1.4@sha256:0fa869e2c21b710b7133e8628169f120fe6299342628edd3d5087ded299bc941,1631
    pantry-tree:
      size: 340
      sha256: bbb22fd014867dc48697ddd8598d4a9fb03fa2d58ef79bed94f208a9b6d94224
  original:
    hackage: strict-list-0.1.4
- completed:
    hackage: tintin-1.10.0@sha256:4ed09092d0218825c064384f992d8b83b59ebd26fea42aecbcc369b5b6ed38c5,3087
    pantry-tree:
      size: 1552
      sha256: b3810078d22856eb1764f37ffe42cef4a76e648b9a26c04a337173d40a0cce37
  original:
    hackage: tintin-1.10.0
- completed:
    hackage: require-0.4.2@sha256:f28dc58dd927e98a709dd926ace92704c09db34dd33a278e1d5aa22cac133984,3625
    pantry-tree:
      size: 718
      sha256: 1fe2c5947db887175c819c3a0a55d9dcbb5823d28d0a5f588ea1db2d370bd1e1
  original:
    hackage: require-0.4.2
- completed:
    hackage: QuickCheck-2.12.6.1@sha256:ce974f511174fbc3102bccb13d6d45781d327194f0311790b9f8db6a7cb1bab3,6336
    pantry-tree:
      size: 2046
      sha256: 1b9bf780a91762f07a63698d656234de0b68f5c8de760cc90153c01888730eb5
  original:
    hackage: QuickCheck-2.12.6.1
- completed:
    hackage: regex-tdfa-1.2.3.2@sha256:b154ece2c3a2efe088fb7d3ff76ca9607127b58795755b79f3a6f9376f95e50f,3850
    pantry-tree:
      size: 1745
      sha256: 4759fcd89a97707592f51529e5acea9f9da620e2344dfcf799277995f0ecfaed
  original:
    hackage: regex-tdfa-1.2.3.2
- completed:
    hackage: system-filepath-0.4.14@sha256:e8ce7d24d7008a825e5d03aa672950a0e8178ac54c3de7134f36c3a7e37694a2,1631
    pantry-tree:
      size: 614
      sha256: 330ac9678b22f6921b6e58ad336e7e219edfbd22a04b3597080d406aaf9654e5
  original:
    hackage: system-filepath-0.4.14
- completed:
    hackage: directory-1.3.4.0@sha256:500019f04494324d1df16cf83eefeb3f809b2b20b32a32ccd755ee0439c18bfd,2829
    pantry-tree:
      size: 3365
      sha256: 00c09e0c014d29ebfb921b64c1459e61a0ad6f10e70128d795246a47c06394b0
  original:
    hackage: directory-1.3.4.0
- completed:
    hackage: Glob-0.10.0@sha256:bbccaf21bff9071dcf369f55cc1a07250bdc84c432bdf4277ed53e5e2327cd7d,2947
    pantry-tree:
      size: 1432
      sha256: 2b14578b5cf51af20efeaf332a1e1ea0c9c24fe2fcb2afba64f77d9249395844
  original:
    hackage: Glob-0.10.0
- completed:
    hackage: shelly-1.8.1@sha256:e043ee55fb6d1cd060c28bd0b2a127b8284770ba622b5b9c397ef27340052e33,5206
    pantry-tree:
      size: 2314
      sha256: 31ec7cb98db424c23d7c2cf9caa80c1246d8bdc75e3c07e40131fb8e61b55c8a
  original:
    hackage: shelly-1.8.1
snapshots:
- completed:
    size: 498180
    url: https://raw.githubusercontent.com/commercialhaskell/stackage-snapshots/master/lts/13/21.yaml
    sha256: eff2de19a6d4691ccbf6edc1fba858f1918683047dce0f09adede874bbd2a8f3
  original: lts-13.21
